{
  "name": "example",
  "version": "1.0.0",
  "lockfileVersion": 3,
  "requires": true,
  "packages": {
    "": {
      "name": "example",
      "version": "1.0.0",
      "license": "ISC",
      "dependencies": {
        "csv-array": "^0.0.23"
      }
    },
    "node_modules/csv-array": {
      "version": "0.0.23",
      "resolved": "https://registry.npmjs.org/csv-array/-/csv-array-0.0.23.tgz",
      "integrity": "sha512-kDT/rREoi/61viLpXRr96dRKF9Ces7e1naVVaLBFkRtG3tZTi5rkPENNlVEBuIb/zkbOBLo61qxjb4qDgBCZIQ==",
      "license": "MIT",
      "dependencies": {
        "line-by-line": "~0.1.3"
      },
      "engines": {
        "node": ">=16.0.0"
      }
    },
    "node_modules/line-by-line": {
      "version": "0.1.6",
      "resolved": "https://registry.npmjs.org/line-by-line/-/line-by-line-0.1.6.tgz",
      "integrity": "sha512-MmwVPfOyp0lWnEZ3fBA8Ah4pMFvxO6WgWovqZNu7Y4J0TNnGcsV4S1LzECHbdgqk1hoHc2mFP1Axc37YUqwafg==",
      "engines": {
        "node": ">=4.0.0"
      }
    }
  }
}
