{
  "name": "csv-array",
  "version": "0.0.22",
  "lockfileVersion": 3,
  "requires": true,
  "packages": {
    "": {
      "name": "csv-array",
      "version": "0.0.22",
      "engines": "v0.8.15",
      "license": "MIT",
      "dependencies": {
        "line-by-line": "^0.1.6"
      },
      "devDependencies": {
        "@types/line-by-line": "^0.1.9",
        "@types/node": "^25.5.0",
        "typescript": "^6.0.2"
      }
    },
    "node_modules/@types/line-by-line": {
      "version": "0.1.9",
      "resolved": "https://registry.npmjs.org/@types/line-by-line/-/line-by-line-0.1.9.tgz",
      "integrity": "sha512-eNKJFw3RL9775pT9IlDr2GZR76oUP4pnxkg3YS7qMtSYRyLjXtCCr0h5KKegs3ke+doUszS7MjvaArvZ9vL+sg==",
      "dev": true,
      "license": "MIT",
      "dependencies": {
        "@types/node": "*"
      }
    },
    "node_modules/@types/node": {
      "version": "25.5.0",
      "resolved": "https://registry.npmjs.org/@types/node/-/node-25.5.0.tgz",
      "integrity": "sha512-jp2P3tQMSxWugkCUKLRPVUpGaL5MVFwF8RDuSRztfwgN1wmqJeMSbKlnEtQqU8UrhTmzEmZdu2I6v2dpp7XIxw==",
      "dev": true,
      "license": "MIT",
      "dependencies": {
        "undici-types": "~7.18.0"
      }
    },
    "node_modules/line-by-line": {
      "version": "0.1.6",
      "resolved": "https://registry.npmjs.org/line-by-line/-/line-by-line-0.1.6.tgz",
      "integrity": "sha512-MmwVPfOyp0lWnEZ3fBA8Ah4pMFvxO6WgWovqZNu7Y4J0TNnGcsV4S1LzECHbdgqk1hoHc2mFP1Axc37YUqwafg==",
      "engines": {
        "node": ">=4.0.0"
      }
    },
    "node_modules/typescript": {
      "version": "6.0.2",
      "resolved": "https://registry.npmjs.org/typescript/-/typescript-6.0.2.tgz",
      "integrity": "sha512-bGdAIrZ0wiGDo5l8c++HWtbaNCWTS4UTv7RaTH/ThVIgjkveJt83m74bBHMJkuCbslY8ixgLBVZJIOiQlQTjfQ==",
      "dev": true,
      "license": "Apache-2.0",
      "bin": {
        "tsc": "bin/tsc",
        "tsserver": "bin/tsserver"
      },
      "engines": {
        "node": ">=14.17"
      }
    },
    "node_modules/undici-types": {
      "version": "7.18.2",
      "resolved": "https://registry.npmjs.org/undici-types/-/undici-types-7.18.2.tgz",
      "integrity": "sha512-AsuCzffGHJybSaRrmr5eHr81mwJU3kjw6M+uprWvCXiNeN9SOGwQ3Jn8jb8m3Z6izVgknn1R0FTCEAP2QrLY/w==",
      "dev": true,
      "license": "MIT"
    }
  }
}
